<?xml version="1.0" encoding="utf-8"?>
<Project ToolsVersion="4.0" xmlns="http://schemas.microsoft.com/developer/msbuild/2003">
  <ItemGroup>
    <Filter Include="Ariazel">
      <UniqueIdentifier>{2D74D8A0-9953-573C-A26B-E2120ECABD9D}</UniqueIdentifier>
    </Filter>
    <Filter Include="Ariazel\Events">
      <UniqueIdentifier>{710B5665-5DD9-496B-466D-BA9132DA25D0}</UniqueIdentifier>
    </Filter>
    <Filter Include="Platform">
      <UniqueIdentifier>{2AC788B4-1694-E3BF-3FAD-D1672BD9184E}</UniqueIdentifier>
    </Filter>
  </ItemGroup>
  <ItemGroup>
    <ClInclude Include="src\Ariazel.h" />
    <ClInclude Include="src\Ariazel\Application.h">
      <Filter>Ariazel</Filter>
    </ClInclude>
    <ClInclude Include="src\Ariazel\Core.h">
      <Filter>Ariazel</Filter>
    </ClInclude>
    <ClInclude Include="src\Ariazel\EntryPoint.h">
      <Filter>Ariazel</Filter>
    </ClInclude>
    <ClInclude Include="src\Ariazel\Events\ApplicationEvent.h">
      <Filter>Ariazel\Events</Filter>
    </ClInclude>
    <ClInclude Include="src\Ariazel\Events\Event.h">
      <Filter>Ariazel\Events</Filter>
    </ClInclude>
    <ClInclude Include="src\Ariazel\Events\KeyEvent.h">
      <Filter>Ariazel\Events</Filter>
    </ClInclude>
    <ClInclude Include="src\Ariazel\Events\MouseEvent.h">
      <Filter>Ariazel\Events</Filter>
    </ClInclude>
    <ClInclude Include="src\Ariazel\Layer.h">
      <Filter>Ariazel</Filter>
    </ClInclude>
    <ClInclude Include="src\Ariazel\LayerStack.h">
      <Filter>Ariazel</Filter>
    </ClInclude>
    <ClInclude Include="src\Ariazel\Log.h">
      <Filter>Ariazel</Filter>
    </ClInclude>
    <ClInclude Include="src\Ariazel\Window.h">
      <Filter>Ariazel</Filter>
    </ClInclude>
    <ClInclude Include="src\Platform\WindowsWindow.h">
      <Filter>Platform</Filter>
    </ClInclude>
    <ClInclude Include="src\azpch.h" />
  </ItemGroup>
  <ItemGroup>
    <ClCompile Include="src\Ariazel\Application.cpp">
      <Filter>Ariazel</Filter>
    </ClCompile>
    <ClCompile Include="src\Ariazel\Layer.cpp">
      <Filter>Ariazel</Filter>
    </ClCompile>
    <ClCompile Include="src\Ariazel\LayerStack.cpp">
      <Filter>Ariazel</Filter>
    </ClCompile>
    <ClCompile Include="src\Ariazel\Log.cpp">
      <Filter>Ariazel</Filter>
    </ClCompile>
    <ClCompile Include="src\Platform\WindowsWindow.cpp">
      <Filter>Platform</Filter>
    </ClCompile>
    <ClCompile Include="src\azpch.cpp" />
  </ItemGroup>
</Project>